
Microsoft Visual Studio Solution File, Format Version 12.00
# Visual Studio 15
VisualStudioVersion = 15.0.34031.82
MinimumVisualStudioVersion = 10.0.40219.1
Project("{FAE04EC0-301F-11D3-BF4B-00C04F79EFBC}") = "Bai 14", "Bai 14\Bai 14.csproj", "{7C8DB250-7640-4A94-AFE3-692BF8F6D780}"
EndProject
Global
	GlobalSection(SolutionConfigurationPlatforms) = preSolution
		Debug|Any CPU = Debug|Any CPU
		Release|Any CPU = Release|Any CPU
	EndGlobalSection
	GlobalSection(ProjectConfigurationPlatforms) = postSolution
		{7C8DB250-7640-4A94-AFE3-692BF8F6D780}.Debug|Any CPU.ActiveCfg = Debug|Any CPU
		{7C8DB250-7640-4A94-AFE3-692BF8F6D780}.Debug|Any CPU.Build.0 = Debug|Any CPU
		{7C8DB250-7640-4A94-AFE3-692BF8F6D780}.Release|Any CPU.ActiveCfg = Release|Any CPU
		{7C8DB250-7640-4A94-AFE3-692BF8F6D780}.Release|Any CPU.Build.0 = Release|Any CPU
	EndGlobalSection
	GlobalSection(SolutionProperties) = preSolution
		HideSolutionNode = FALSE
	EndGlobalSection
	GlobalSection(ExtensibilityGlobals) = postSolution
		SolutionGuid = {FA623CB0-72A7-4ABB-B946-B7E42A507023}
	EndGlobalSection
EndGlobal
